{
  "requires": true,
  "lockfileVersion": 1,
  "dependencies": {
    "@types/d": {
      "version": "1.0.1",
      "resolved": "https://registry.npmjs.org/@types/d/-/d-1.0.1.tgz",
      "integrity": "sha512-QulmL64LyXp3f0B5YnGpNDQfwOnVdrF8SEj3I8UFY6BwNyV3p0RrU66UVTudG/pn15++bf1Zfjhr4389VClGGw==",
      "dev": true
    },
    "@types/regenerator-runtime": {
      "version": "0.13.1",
      "resolved": "https://registry.npmjs.org/@types/regenerator-runtime/-/regenerator-runtime-0.13.1.tgz",
      "integrity": "sha512-Wr4Kopo+zs7kl1mxveVrP7Hl5nEzauQKdSNFN5Eg27Ze11MAgJYKgidYc9AAkQzGXXWH9lqVzPbXUGH6M8VY6g==",
      "dev": true
    },
    "types-registry": {
      "version": "0.1.644",
      "resolved": "https://registry.npmjs.org/types-registry/-/types-registry-0.1.644.tgz",
      "integrity": "sha512-c22VCZ0OmZdKRYxamXI/Am8KbD0pTE9BNSijMxGxomNFziC027bqUSwWYzzye7uKKzSQgtN4hptLDnvVCTuaUA=="
    }
  }
}
